Microsoft Visual Studio Solution File, Format Version 12.00
# Visual Studio Version 17
VisualStudioVersion = 17.0.31903.59
MinimumVisualStudioVersion = 10.0.40219.1
Project("{FAE04EC0-301F-11D3-BF4B-00C04F79EFBC}") = "CleanArchitectureTemplate.Domain", "src\CleanArchitectureTemplate.Domain\CleanArchitectureTemplate.Domain.csproj", "{A1B2C3D4-E5F6-7890-ABCD-EF1234567890}"
EndProject
Project("{FAE04EC0-301F-11D3-BF4B-00C04F79EFBC}") = "CleanArchitectureTemplate.Application", "src\CleanArchitectureTemplate.Application\CleanArchitectureTemplate.Application.csproj", "{6B5A5E52-70ED-4EB1-AC9A-0345165A5333}"
EndProject
Project("{FAE04EC0-301F-11D3-BF4B-00C04F79EFBC}") = "CleanArchitectureTemplate.Infrastructure", "src\CleanArchitectureTemplate.Infrastructure\CleanArchitectureTemplate.Infrastructure.csproj", "{DF68CB50-4F64-45F9-A87C-9899D4B6CC4C}"
EndProject
Project("{FAE04EC0-301F-11D3-BF4B-00C04F79EFBC}") = "CleanArchitectureTemplate.API", "src\CleanArchitectureTemplate.API\CleanArchitectureTemplate.API.csproj", "{DC2560F5-C2B2-4D79-9F05-5F230E7397A5}"
EndProject
Global
	GlobalSection(SolutionConfigurationPlatforms) = preSolution
		Debug|Any CPU = Debug|Any CPU
		Release|Any CPU = Release|Any CPU
	EndGlobalSection
	GlobalSection(ProjectConfigurationPlatforms) = postSolution
		{A1B2C3D4-E5F6-7890-ABCD-EF1234567890}.Debug|Any CPU.ActiveCfg = Debug|Any CPU
		{A1B2C3D4-E5F6-7890-ABCD-EF1234567890}.Debug|Any CPU.Build.0 = Debug|Any CPU
		{A1B2C3D4-E5F6-7890-ABCD-EF1234567890}.Release|Any CPU.ActiveCfg = Release|Any CPU
		{A1B2C3D4-E5F6-7890-ABCD-EF1234567890}.Release|Any CPU.Build.0 = Release|Any CPU
		{6B5A5E52-70ED-4EB1-AC9A-0345165A5333}.Debug|Any CPU.ActiveCfg = Debug|Any CPU
		{6B5A5E52-70ED-4EB1-AC9A-0345165A5333}.Debug|Any CPU.Build.0 = Debug|Any CPU
		{6B5A5E52-70ED-4EB1-AC9A-0345165A5333}.Release|Any CPU.ActiveCfg = Release|Any CPU
		{6B5A5E52-70ED-4EB1-AC9A-0345165A5333}.Release|Any CPU.Build.0 = Release|Any CPU
		{DF68CB50-4F64-45F9-A87C-9899D4B6CC4C}.Debug|Any CPU.ActiveCfg = Debug|Any CPU
		{DF68CB50-4F64-45F9-A87C-9899D4B6CC4C}.Debug|Any CPU.Build.0 = Debug|Any CPU
		{DF68CB50-4F64-45F9-A87C-9899D4B6CC4C}.Release|Any CPU.ActiveCfg = Release|Any CPU
		{DF68CB50-4F64-45F9-A87C-9899D4B6CC4C}.Release|Any CPU.Build.0 = Release|Any CPU
		{DC2560F5-C2B2-4D79-9F05-5F230E7397A5}.Debug|Any CPU.ActiveCfg = Debug|Any CPU
		{DC2560F5-C2B2-4D79-9F05-5F230E7397A5}.Debug|Any CPU.Build.0 = Debug|Any CPU
		{DC2560F5-C2B2-4D79-9F05-5F230E7397A5}.Release|Any CPU.ActiveCfg = Release|Any CPU
		{DC2560F5-C2B2-4D79-9F05-5F230E7397A5}.Release|Any CPU.Build.0 = Release|Any CPU
	EndGlobalSection
	GlobalSection(SolutionProperties) = preSolution
		HideSolutionNode = FALSE
	EndGlobalSection
	GlobalSection(ExtensibilityGlobals) = postSolution
		SolutionGuid = {12345678-1234-5678-9ABC-DEF123456789}
	EndGlobalSection
EndGlobal
